<?xml version="1.0" encoding="utf-8"?>
<Project ToolsVersion="4.0" xmlns="http://schemas.microsoft.com/developer/msbuild/2003">
  <ItemGroup>
    <Filter Include="src">
      <UniqueIdentifier>{4FC737F1-C7A5-4376-A066-2A32D752A2FF}</UniqueIdentifier>
      <Extensions>h;hh;hpp;hxx;hm;inl;inc;xsd;cpp;c;cc;cxx;def;odl;idl;hpj;bat;asm;asmx</Extensions>
    </Filter>
    <Filter Include="src\basic">
      <UniqueIdentifier>{e2452254-ee31-4dac-afa1-59b72c3f3658}</UniqueIdentifier>
    </Filter>
    <Filter Include="src\basic\msvc">
      <UniqueIdentifier>{9c607880-4587-4319-b013-47ae49bf2522}</UniqueIdentifier>
    </Filter>
    <Filter Include="src\support">
      <UniqueIdentifier>{9822423e-263e-4fa9-80de-204dbc038170}</UniqueIdentifier>
    </Filter>
    <Filter Include="src\hashmap">
      <UniqueIdentifier>{21b4ff51-3441-4937-9394-f4c5936231f1}</UniqueIdentifier>
    </Filter>
    <Filter Include="src\traits">
      <UniqueIdentifier>{da527b74-6338-42ce-834f-dfcc0f91765d}</UniqueIdentifier>
    </Filter>
    <Filter Include="src\utility">
      <UniqueIdentifier>{3a7a023b-4210-4d25-b7c9-9b6b30079540}</UniqueIdentifier>
    </Filter>
    <Filter Include="src\system">
      <UniqueIdentifier>{ecd95c27-180c-413b-a0b8-c797c80d28b7}</UniqueIdentifier>
    </Filter>
    <Filter Include="src\test">
      <UniqueIdentifier>{196ab926-564f-45e3-85bd-8452f06969d4}</UniqueIdentifier>
    </Filter>
    <Filter Include="src\string">
      <UniqueIdentifier>{d115267b-41da-41ed-ac65-81d2986b026c}</UniqueIdentifier>
    </Filter>
    <Filter Include="src\hasher">
      <UniqueIdentifier>{baef719b-01be-4edb-9d0c-2befeb109560}</UniqueIdentifier>
    </Filter>
    <Filter Include="src\memory">
      <UniqueIdentifier>{7eb3727f-5278-48db-a741-a8d6f3ace302}</UniqueIdentifier>
    </Filter>
    <Filter Include="src\config">
      <UniqueIdentifier>{747d3b02-a761-4e85-a224-a5789bb692c0}</UniqueIdentifier>
    </Filter>
    <Filter Include="src\lang">
      <UniqueIdentifier>{835340cb-6b9d-4313-8fff-d2c95c7138a1}</UniqueIdentifier>
    </Filter>
    <Filter Include="src\hashmap\detail">
      <UniqueIdentifier>{1f5f05df-396e-49bf-9775-25c2c74f6387}</UniqueIdentifier>
    </Filter>
  </ItemGroup>
  <ItemGroup>
    <ClInclude Include="..\..\..\src\jstd\basic\msvc\inttypes.h">
      <Filter>src\basic\msvc</Filter>
    </ClInclude>
    <ClInclude Include="..\..\..\src\jstd\basic\msvc\stdbool.h">
      <Filter>src\basic\msvc</Filter>
    </ClInclude>
    <ClInclude Include="..\..\..\src\jstd\basic\msvc\stdint.h">
      <Filter>src\basic\msvc</Filter>
    </ClInclude>
    <ClInclude Include="..\..\..\src\jstd\basic\inttypes.h">
      <Filter>src\basic</Filter>
    </ClInclude>
    <ClInclude Include="..\..\..\src\jstd\basic\stddef.h">
      <Filter>src\basic</Filter>
    </ClInclude>
    <ClInclude Include="..\..\..\src\jstd\basic\stdint.h">
      <Filter>src\basic</Filter>
    </ClInclude>
    <ClInclude Include="..\..\..\src\jstd\basic\stdsize.h">
      <Filter>src\basic</Filter>
    </ClInclude>
    <ClInclude Include="..\..\..\src\jstd\basic\unistd.h">
      <Filter>src\basic</Filter>
    </ClInclude>
    <ClInclude Include="..\..\..\src\jstd\basic\vld.h">
      <Filter>src\basic</Filter>
    </ClInclude>
    <ClInclude Include="..\..\..\src\jstd\basic\vld_def.h">
      <Filter>src\basic</Filter>
    </ClInclude>
    <ClInclude Include="..\..\..\src\jstd\support\BitUtils.h">
      <Filter>src\support</Filter>
    </ClInclude>
    <ClInclude Include="..\..\..\src\jstd\hashmap\flat16_hash_map.h">
      <Filter>src\hashmap</Filter>
    </ClInclude>
    <ClInclude Include="..\..\..\src\jstd\hashmap\flat32_hash_map.h">
      <Filter>src\hashmap</Filter>
    </ClInclude>
    <ClInclude Include="..\..\..\src\jstd\hashmap\key_extractor.h">
      <Filter>src\hashmap</Filter>
    </ClInclude>
    <ClInclude Include="..\..\..\src\jstd\hashmap\unordered_map.h">
      <Filter>src\hashmap</Filter>
    </ClInclude>
    <ClInclude Include="..\..\..\src\jstd\traits\has_member.h">
      <Filter>src\traits</Filter>
    </ClInclude>
    <ClInclude Include="..\..\..\src\jstd\support\Power2.h">
      <Filter>src\support</Filter>
    </ClInclude>
    <ClInclude Include="..\..\..\src\jstd\dll.h">
      <Filter>src</Filter>
    </ClInclude>
    <ClInclude Include="..\..\..\src\jstd\basic\assert.h">
      <Filter>src\basic</Filter>
    </ClInclude>
    <ClInclude Include="..\..\..\src\jstd\basic\export.h">
      <Filter>src\basic</Filter>
    </ClInclude>
    <ClInclude Include="..\..\..\src\jstd\basic\platform.h">
      <Filter>src\basic</Filter>
    </ClInclude>
    <ClInclude Include="..\..\..\src\jstd\basic\compiler.h">
      <Filter>src\basic</Filter>
    </ClInclude>
    <ClInclude Include="..\..\..\src\jstd\system\Console.h">
      <Filter>src\system</Filter>
    </ClInclude>
    <ClInclude Include="..\..\..\src\jstd\system\crtdbg_env.h">
      <Filter>src\system</Filter>
    </ClInclude>
    <ClInclude Include="..\..\..\src\jstd\system\getchar.h">
      <Filter>src\system</Filter>
    </ClInclude>
    <ClInclude Include="..\..\..\src\jstd\system\LibcRand.h">
      <Filter>src\system</Filter>
    </ClInclude>
    <ClInclude Include="..\..\..\src\jstd\system\LibcRandom.h">
      <Filter>src\system</Filter>
    </ClInclude>
    <ClInclude Include="..\..\..\src\jstd\system\MT19937_64.h">
      <Filter>src\system</Filter>
    </ClInclude>
    <ClInclude Include="..\..\..\src\jstd\system\RandomGen.h">
      <Filter>src\system</Filter>
    </ClInclude>
    <ClInclude Include="..\..\..\src\jstd\system\sleep.h">
      <Filter>src\system</Filter>
    </ClInclude>
    <ClInclude Include="..\..\..\src\jstd\system\time.h">
      <Filter>src\system</Filter>
    </ClInclude>
    <ClInclude Include="..\..\..\src\jstd\test\Assert.h">
      <Filter>src\test</Filter>
    </ClInclude>
    <ClInclude Include="..\..\..\src\jstd\test\Expert.h">
      <Filter>src\test</Filter>
    </ClInclude>
    <ClInclude Include="..\..\..\src\jstd\test\FloatEpsinon.h">
      <Filter>src\test</Filter>
    </ClInclude>
    <ClInclude Include="..\..\..\src\jstd\test\ProcessMemInfo.h">
      <Filter>src\test</Filter>
    </ClInclude>
    <ClInclude Include="..\..\..\src\jstd\test\Test.h">
      <Filter>src\test</Filter>
    </ClInclude>
    <ClInclude Include="..\..\..\src\jstd\test\CPUWarmUp.h">
      <Filter>src\test</Filter>
    </ClInclude>
    <ClInclude Include="..\..\..\src\jstd\test\StopWatch.h">
      <Filter>src\test</Filter>
    </ClInclude>
    <ClInclude Include="..\..\..\src\jstd\string\string_def.h">
      <Filter>src\string</Filter>
    </ClInclude>
    <ClInclude Include="..\..\..\src\jstd\string\string_helper.h">
      <Filter>src\string</Filter>
    </ClInclude>
    <ClInclude Include="..\..\..\src\jstd\string\string_iterator.h">
      <Filter>src\string</Filter>
    </ClInclude>
    <ClInclude Include="..\..\..\src\jstd\string\string_libc.h">
      <Filter>src\string</Filter>
    </ClInclude>
    <ClInclude Include="..\..\..\src\jstd\string\string_stl.h">
      <Filter>src\string</Filter>
    </ClInclude>
    <ClInclude Include="..\..\..\src\jstd\string\string_traits.h">
      <Filter>src\string</Filter>
    </ClInclude>
    <ClInclude Include="..\..\..\src\jstd\string\string_utils.h">
      <Filter>src\string</Filter>
    </ClInclude>
    <ClInclude Include="..\..\..\src\jstd\string\string_view.h">
      <Filter>src\string</Filter>
    </ClInclude>
    <ClInclude Include="..\..\..\src\jstd\string\string_view_array.h">
      <Filter>src\string</Filter>
    </ClInclude>
    <ClInclude Include="..\..\..\src\jstd\hasher\fnv1a.h">
      <Filter>src\hasher</Filter>
    </ClInclude>
    <ClInclude Include="..\..\..\src\jstd\hasher\hash_helper.h">
      <Filter>src\hasher</Filter>
    </ClInclude>
    <ClInclude Include="..\..\..\src\jstd\hasher\sha1.h">
      <Filter>src\hasher</Filter>
    </ClInclude>
    <ClInclude Include="..\..\..\src\jstd\string\char_traits.h">
      <Filter>src\string</Filter>
    </ClInclude>
    <ClInclude Include="..\..\..\src\jstd\support\SSEHelper.h">
      <Filter>src\support</Filter>
    </ClInclude>
    <ClInclude Include="..\..\..\src\jstd\iterator.h">
      <Filter>src</Filter>
    </ClInclude>
    <ClInclude Include="..\..\..\src\jstd\hashmap\hashmap_analyzer.h">
      <Filter>src\hashmap</Filter>
    </ClInclude>
    <ClInclude Include="..\..\..\src\jstd\system\MT19937_32.h">
      <Filter>src\system</Filter>
    </ClInclude>
    <ClInclude Include="..\..\..\src\jstd\memory\swap.h">
      <Filter>src\memory</Filter>
    </ClInclude>
    <ClInclude Include="..\..\..\src\jstd\hashmap\hash_chunk_list.h">
      <Filter>src\hashmap</Filter>
    </ClInclude>
    <ClInclude Include="..\..\..\src\jstd\config\config.h">
      <Filter>src\config</Filter>
    </ClInclude>
    <ClInclude Include="..\..\..\src\jstd\lang\launder.h">
      <Filter>src\lang</Filter>
    </ClInclude>
    <ClInclude Include="..\..\..\src\jstd\support\x86_intrin.h">
      <Filter>src\support</Filter>
    </ClInclude>
    <ClInclude Include="..\..\..\src\jstd\hashmap\robin16_hash_map.h">
      <Filter>src\hashmap</Filter>
    </ClInclude>
    <ClInclude Include="..\..\..\src\jstd\support\BitVec.h">
      <Filter>src\support</Filter>
    </ClInclude>
    <ClInclude Include="..\..\..\src\jstd\hashmap\robin_hash_map.h">
      <Filter>src\hashmap</Filter>
    </ClInclude>
    <ClInclude Include="..\..\..\src\jstd\hasher\hashes.h">
      <Filter>src\hasher</Filter>
    </ClInclude>
    <ClInclude Include="..\..\..\src\jstd\test\ReadRss.h">
      <Filter>src\test</Filter>
    </ClInclude>
    <ClInclude Include="..\..\..\src\jstd\hashmap\map_layout_policy.h">
      <Filter>src\hashmap</Filter>
    </ClInclude>
    <ClInclude Include="..\..\..\src\jstd\hashmap\map_slot_policy.h">
      <Filter>src\hashmap</Filter>
    </ClInclude>
    <ClInclude Include="..\..\..\src\jstd\hashmap\slot_policy_traits.h">
      <Filter>src\hashmap</Filter>
    </ClInclude>
    <ClInclude Include="..\..\..\src\jstd\hasher\hash_crc32.h">
      <Filter>src\hasher</Filter>
    </ClInclude>
    <ClInclude Include="..\..\..\src\jstd\support\CPUPrefetch.h">
      <Filter>src\support</Filter>
    </ClInclude>
    <ClInclude Include="..\..\..\src\jstd\config\config_hw.h">
      <Filter>src\config</Filter>
    </ClInclude>
    <ClInclude Include="..\..\..\src\jstd\config\config_hw_detect.h">
      <Filter>src\config</Filter>
    </ClInclude>
    <ClInclude Include="..\..\..\src\jstd\basic\macros.h">
      <Filter>src\basic</Filter>
    </ClInclude>
    <ClInclude Include="..\..\..\src\jstd\config\config_post.h">
      <Filter>src\config</Filter>
    </ClInclude>
    <ClInclude Include="..\..\..\src\jstd\config\config_pre.h">
      <Filter>src\config</Filter>
    </ClInclude>
    <ClInclude Include="..\..\..\src\jstd\config\config_cxx.h">
      <Filter>src\config</Filter>
    </ClInclude>
    <ClInclude Include="..\..\..\src\jstd\traits\type_traits.h">
      <Filter>src\traits</Filter>
    </ClInclude>
    <ClInclude Include="..\..\..\src\jstd\utility\utility.h">
      <Filter>src\utility</Filter>
    </ClInclude>
    <ClInclude Include="..\..\..\src\jstd\version.h">
      <Filter>src</Filter>
    </ClInclude>
    <ClInclude Include="..\..\..\src\jstd\memory\memory_barrier.h">
      <Filter>src\memory</Filter>
    </ClInclude>
    <ClInclude Include="..\..\..\src\jstd\hashmap\flat_map_iterator.hpp">
      <Filter>src\hashmap</Filter>
    </ClInclude>
    <ClInclude Include="..\..\..\src\jstd\hashmap\flat_map_slot_policy.hpp">
      <Filter>src\hashmap</Filter>
    </ClInclude>
    <ClInclude Include="..\..\..\src\jstd\hashmap\flat_map_slot_storage.hpp">
      <Filter>src\hashmap</Filter>
    </ClInclude>
    <ClInclude Include="..\..\..\src\jstd\hashmap\flat_map_type_policy.hpp">
      <Filter>src\hashmap</Filter>
    </ClInclude>
    <ClInclude Include="..\..\..\src\jstd\hashmap\detail\hashmap_traits.h">
      <Filter>src\hashmap\detail</Filter>
    </ClInclude>
    <ClInclude Include="..\..\..\src\jstd\hashmap\map_types_constructibility.hpp">
      <Filter>src\hashmap</Filter>
    </ClInclude>
    <ClInclude Include="..\..\..\src\jstd\traits\integer_sequence.h">
      <Filter>src\traits</Filter>
    </ClInclude>
    <ClInclude Include="..\..\..\src\jstd\hashmap\group16_flat_map.hpp">
      <Filter>src\hashmap</Filter>
    </ClInclude>
    <ClInclude Include="..\..\..\src\jstd\hashmap\group16_flat_table.hpp">
      <Filter>src\hashmap</Filter>
    </ClInclude>
    <ClInclude Include="..\..\..\src\jstd\hashmap\flat_map_group16.hpp">
      <Filter>src\hashmap</Filter>
    </ClInclude>
    <ClInclude Include="..\..\..\src\jstd\hashmap\group15_flat_map.hpp">
      <Filter>src\hashmap</Filter>
    </ClInclude>
    <ClInclude Include="..\..\..\src\jstd\hashmap\group15_flat_table.hpp">
      <Filter>src\hashmap</Filter>
    </ClInclude>
    <ClInclude Include="..\..\..\src\jstd\hashmap\flat_map_group15.hpp">
      <Filter>src\hashmap</Filter>
    </ClInclude>
    <ClInclude Include="..\..\..\src\jstd\hashmap\group_quadratic_prober.hpp">
      <Filter>src\hashmap</Filter>
    </ClInclude>
  </ItemGroup>
  <ItemGroup>
    <ClCompile Include="..\..\..\src\jstd\dll_main.cpp">
      <Filter>src</Filter>
    </ClCompile>
    <ClCompile Include="..\..\..\src\jstd\basic\assert.c">
      <Filter>src\basic</Filter>
    </ClCompile>
  </ItemGroup>
</Project>